
Microsoft Visual Studio Solution File, Format Version 12.00
# Visual Studio 15
VisualStudioVersion = 15.0.28307.572
MinimumVisualStudioVersion = 10.0.40219.1
Project("{FAE04EC0-301F-11D3-BF4B-00C04F79EFBC}") = "PahliPasand", "PahliPasand\PahliPasand.csproj", "{3BC7C666-E25E-434B-85FD-7685D86FB9CB}"
EndProject
Global
	GlobalSection(SolutionConfigurationPlatforms) = preSolution
		Debug|Any CPU = Debug|Any CPU
		Release|Any CPU = Release|Any CPU
	EndGlobalSection
	GlobalSection(ProjectConfigurationPlatforms) = postSolution
		{3BC7C666-E25E-434B-85FD-7685D86FB9CB}.Debug|Any CPU.ActiveCfg = Debug|Any CPU
		{3BC7C666-E25E-434B-85FD-7685D86FB9CB}.Debug|Any CPU.Build.0 = Debug|Any CPU
		{3BC7C666-E25E-434B-85FD-7685D86FB9CB}.Release|Any CPU.ActiveCfg = Release|Any CPU
		{3BC7C666-E25E-434B-85FD-7685D86FB9CB}.Release|Any CPU.Build.0 = Release|Any CPU
	EndGlobalSection
	GlobalSection(SolutionProperties) = preSolution
		HideSolutionNode = FALSE
	EndGlobalSection
	GlobalSection(ExtensibilityGlobals) = postSolution
		SolutionGuid = {95BD43CD-0A8F-4CD9-B7B3-BD371A54B4D7}
	EndGlobalSection
EndGlobal
